
Microsoft Visual Studio Solution File, Format Version 12.00
# Visual Studio Version 17
VisualStudioVersion = 17.13.35828.75 d17.13
MinimumVisualStudioVersion = 10.0.40219.1
Project("{8BC9CEB8-8B4A-11D0-8D11-00A0C91BC942}") = "labirynth", "labirynth\labirynth.vcxproj", "{E8203FE5-63CE-4AC5-A9B7-5205516A035B}"
EndProject
Global
	GlobalSection(SolutionConfigurationPlatforms) = preSolution
		Debug|x64 = Debug|x64
		Debug|x86 = Debug|x86
		Release|x64 = Release|x64
		Release|x86 = Release|x86
	EndGlobalSection
	GlobalSection(ProjectConfigurationPlatforms) = postSolution
		{E8203FE5-63CE-4AC5-A9B7-5205516A035B}.Debug|x64.ActiveCfg = Debug|x64
		{E8203FE5-63CE-4AC5-A9B7-5205516A035B}.Debug|x64.Build.0 = Debug|x64
		{E8203FE5-63CE-4AC5-A9B7-5205516A035B}.Debug|x86.ActiveCfg = Debug|Win32
		{E8203FE5-63CE-4AC5-A9B7-5205516A035B}.Debug|x86.Build.0 = Debug|Win32
		{E8203FE5-63CE-4AC5-A9B7-5205516A035B}.Release|x64.ActiveCfg = Release|x64
		{E8203FE5-63CE-4AC5-A9B7-5205516A035B}.Release|x64.Build.0 = Release|x64
		{E8203FE5-63CE-4AC5-A9B7-5205516A035B}.Release|x86.ActiveCfg = Release|Win32
		{E8203FE5-63CE-4AC5-A9B7-5205516A035B}.Release|x86.Build.0 = Release|Win32
	EndGlobalSection
	GlobalSection(SolutionProperties) = preSolution
		HideSolutionNode = FALSE
	EndGlobalSection
	GlobalSection(ExtensibilityGlobals) = postSolution
		SolutionGuid = {BC8099B5-5D2B-4398-885A-25DB12203AA6}
	EndGlobalSection
EndGlobal
